
Microsoft Visual Studio Solution File, Format Version 12.00
# Visual Studio Version 16
VisualStudioVersion = 16.0.29009.5
MinimumVisualStudioVersion = 10.0.40219.1
Project("{FAE04EC0-301F-11D3-BF4B-00C04F79EFBC}") = "Simple-RPG", "Simple-RPG\Simple-RPG.csproj", "{A97A3769-0FB0-4F74-8BB7-F3FA13A59E3F}"
EndProject
Project("{FAE04EC0-301F-11D3-BF4B-00C04F79EFBC}") = "Engine", "ClassLibrary1\Engine.csproj", "{9B8AF536-0BB4-4CCB-9B82-A356E0C8DADE}"
EndProject
Global
	GlobalSection(SolutionConfigurationPlatforms) = preSolution
		Debug|Any CPU = Debug|Any CPU
		Release|Any CPU = Release|Any CPU
	EndGlobalSection
	GlobalSection(ProjectConfigurationPlatforms) = postSolution
		{A97A3769-0FB0-4F74-8BB7-F3FA13A59E3F}.Debug|Any CPU.ActiveCfg = Debug|Any CPU
		{A97A3769-0FB0-4F74-8BB7-F3FA13A59E3F}.Debug|Any CPU.Build.0 = Debug|Any CPU
		{A97A3769-0FB0-4F74-8BB7-F3FA13A59E3F}.Release|Any CPU.ActiveCfg = Release|Any CPU
		{A97A3769-0FB0-4F74-8BB7-F3FA13A59E3F}.Release|Any CPU.Build.0 = Release|Any CPU
		{9B8AF536-0BB4-4CCB-9B82-A356E0C8DADE}.Debug|Any CPU.ActiveCfg = Debug|Any CPU
		{9B8AF536-0BB4-4CCB-9B82-A356E0C8DADE}.Debug|Any CPU.Build.0 = Debug|Any CPU
		{9B8AF536-0BB4-4CCB-9B82-A356E0C8DADE}.Release|Any CPU.ActiveCfg = Release|Any CPU
		{9B8AF536-0BB4-4CCB-9B82-A356E0C8DADE}.Release|Any CPU.Build.0 = Release|Any CPU
	EndGlobalSection
	GlobalSection(SolutionProperties) = preSolution
		HideSolutionNode = FALSE
	EndGlobalSection
	GlobalSection(ExtensibilityGlobals) = postSolution
		SolutionGuid = {FD26E3AD-922A-4AB3-BF51-020BECEC7E6F}
	EndGlobalSection
EndGlobal
